{
  "name": "uws",
  "version": "1.0.0",
  "lockfileVersion": 1,
  "requires": true,
  "dependencies": {
    "@clusterws/cws": {
      "version": "1.1.2",
      "resolved": "https://registry.npmjs.org/@clusterws/cws/-/cws-1.1.2.tgz",
      "integrity": "sha512-q/xn+t4Nn6uLa8Cy+UB7hzLo0uykN6tYXJn+v+ALuTH1JPIYVxate84tQ4VjdgSk8HrXgFhhRG7g8mhTZTmKUw=="
    }
  }
}
