{
  "name": "uws",
  "version": "1.0.0",
  "lockfileVersion": 1,
  "requires": true,
  "dependencies": {
    "@clusterws/cws": {
      "version": "0.15.2",
      "resolved": "https://registry.npmjs.org/@clusterws/cws/-/cws-0.15.2.tgz",
      "integrity": "sha512-nTXrmbv8IK38VBvfhdhigrxC7GvN4fsDrImCGx/b8jb3AP34e5B23cfXQCxZ2H3M3rywWbkeNdX9bGc01nX2rw=="
    }
  }
}
